{
  "version": 4,
  "terraform_version": "1.9.8",
  "serial": 45,
  "lineage": "f1e5dda3-40d3-14a1-0b00-0f9c66d580b8",
  "outputs": {},
  "resources": [
    {
      "mode": "data",
      "type": "aws_caller_identity",
      "name": "session",
      "provider": "provider[\"registry.terraform.io/hashicorp/aws\"].session",
      "instances": [
        {
          "schema_version": 0,
          "attributes": {
            "account_id": "042130406152",
            "arn": "arn:aws:sts::042130406152:assumed-role/AWSReservedSSO_AdministratorAccess_75c6567ee233c758/jacobwoffenden@digital.justice.gov.uk",
            "id": "042130406152",
            "user_id": "AROAQTTZK7MEGXPT7UTKB:jacobwoffenden@digital.justice.gov.uk"
          },
          "sensitive_attributes": []
        }
      ]
    },
    {
      "mode": "data",
      "type": "aws_iam_session_context",
      "name": "session",
      "provider": "provider[\"registry.terraform.io/hashicorp/aws\"].session",
      "instances": [
        {
          "schema_version": 0,
          "attributes": {
            "arn": "arn:aws:sts::042130406152:assumed-role/AWSReservedSSO_AdministratorAccess_75c6567ee233c758/jacobwoffenden@digital.justice.gov.uk",
            "id": "arn:aws:sts::042130406152:assumed-role/AWSReservedSSO_AdministratorAccess_75c6567ee233c758/jacobwoffenden@digital.justice.gov.uk",
            "issuer_arn": "arn:aws:iam::042130406152:role/aws-reserved/sso.amazonaws.com/eu-west-2/AWSReservedSSO_AdministratorAccess_75c6567ee233c758",
            "issuer_id": "AROAQTTZK7MEGXPT7UTKB",
            "issuer_name": "AWSReservedSSO_AdministratorAccess_75c6567ee233c758",
            "session_name": "jacobwoffenden@digital.justice.gov.uk"
          },
          "sensitive_attributes": []
        }
      ]
    },
    {
      "module": "module.iam[\"development/analytical-platform/simple-dag-one\"]",
      "mode": "data",
      "type": "aws_iam_policy_document",
      "name": "policy",
      "provider": "provider[\"registry.terraform.io/hashicorp/aws\"]",
      "instances": [
        {
          "index_key": 0,
          "schema_version": 0,
          "attributes": {
            "id": "1343353307",
            "json": "{\n  \"Version\": \"2012-10-17\",\n  \"Statement\": [\n    {\n      \"Sid\": \"Bedrock\",\n      \"Effect\": \"Allow\",\n      \"Action\": [\n        \"bedrock:UpdateAgentAlias\",\n        \"bedrock:UpdateAgent\",\n        \"bedrock:UpdateActionGroup\",\n        \"bedrock:UntagResource\",\n        \"bedrock:TagResource\",\n        \"bedrock:StopModelCustomizationJob\",\n        \"bedrock:PutModelInvocationLoggingConfiguration\",\n        \"bedrock:PutFoundationModelEntitlement\",\n        \"bedrock:ListTagsForResource\",\n        \"bedrock:ListProvisionedModelThroughputs\",\n        \"bedrock:ListModelCustomizationJobs\",\n        \"bedrock:ListFoundationModels\",\n        \"bedrock:ListFoundationModelAgreementOffers\",\n        \"bedrock:ListCustomModels\",\n        \"bedrock:ListAgents\",\n        \"bedrock:ListAgentVersions\",\n        \"bedrock:ListAgentAliases\",\n        \"bedrock:ListActionGroups\",\n        \"bedrock:InvokeModelWithResponseStream\",\n        \"bedrock:InvokeModel\",\n        \"bedrock:InvokeAgent\",\n        \"bedrock:GetUseCaseForModelAccess\",\n        \"bedrock:GetModelInvocationLoggingConfiguration\",\n        \"bedrock:GetModelCustomizationJob\",\n        \"bedrock:GetFoundationModelAvailability\",\n        \"bedrock:GetFoundationModel\",\n        \"bedrock:GetCustomModel\",\n        \"bedrock:GetAgentVersion\",\n        \"bedrock:GetAgentAlias\",\n        \"bedrock:GetAgent\",\n        \"bedrock:GetActionGroup\",\n        \"bedrock:DeleteFoundationModelAgreement\",\n        \"bedrock:DeleteCustomModel\",\n        \"bedrock:CreateModelCustomizationJob\",\n        \"bedrock:CreateFoundationModelAgreement\",\n        \"bedrock:CreateAgentDraftSnapshot\",\n        \"bedrock:CreateAgentAlias\",\n        \"bedrock:CreateAgent\",\n        \"bedrock:CreateActionGroup\"\n      ],\n      \"Resource\": \"*\",\n      \"Condition\": {\n        \"StringEquals\": {\n          \"aws:RequestedRegion\": [\n            \"eu-central-1\",\n            \"eu-west-1\",\n            \"eu-west-2\",\n            \"eu-west-3\"\n          ]\n        }\n      }\n    },\n    {\n      \"Sid\": \"KMS\",\n      \"Effect\": \"Allow\",\n      \"Action\": [\n        \"kms:ReEncrypt*\",\n        \"kms:GenerateDataKey*\",\n        \"kms:Encrypt\",\n        \"kms:DescribeKey\",\n        \"kms:Decrypt\"\n      ],\n      \"Resource\": [\n        \"arn:aws:kms:eu-west-2:123456789012:key/12345678-1234-1234-1234-123456789012\",\n        \"arn:aws:kms:eu-west-2:123456789012:key/12345678-1234-1234-1234-123456789011\"\n      ]\n    },\n    {\n      \"Sid\": \"S3Deny\",\n      \"Effect\": \"Deny\",\n      \"Action\": [\n        \"s3:RestoreObject\",\n        \"s3:PutObjectAcl\",\n        \"s3:PutObject\",\n        \"s3:GetObjectVersion\",\n        \"s3:GetObjectAcl\",\n        \"s3:GetObject\",\n        \"s3:DeleteObjectVersion\",\n        \"s3:DeleteObject\"\n      ],\n      \"Resource\": [\n        \"arn:aws:s3:::this-isnt-a-real-bucket-deny-2/*\",\n        \"arn:aws:s3:::this-isnt-a-real-bucket-deny-1/*\"\n      ]\n    }\n  ]\n}",
            "minified_json": "{\"Version\":\"2012-10-17\",\"Statement\":[{\"Sid\":\"Bedrock\",\"Effect\":\"Allow\",\"Action\":[\"bedrock:UpdateAgentAlias\",\"bedrock:UpdateAgent\",\"bedrock:UpdateActionGroup\",\"bedrock:UntagResource\",\"bedrock:TagResource\",\"bedrock:StopModelCustomizationJob\",\"bedrock:PutModelInvocationLoggingConfiguration\",\"bedrock:PutFoundationModelEntitlement\",\"bedrock:ListTagsForResource\",\"bedrock:ListProvisionedModelThroughputs\",\"bedrock:ListModelCustomizationJobs\",\"bedrock:ListFoundationModels\",\"bedrock:ListFoundationModelAgreementOffers\",\"bedrock:ListCustomModels\",\"bedrock:ListAgents\",\"bedrock:ListAgentVersions\",\"bedrock:ListAgentAliases\",\"bedrock:ListActionGroups\",\"bedrock:InvokeModelWithResponseStream\",\"bedrock:InvokeModel\",\"bedrock:InvokeAgent\",\"bedrock:GetUseCaseForModelAccess\",\"bedrock:GetModelInvocationLoggingConfiguration\",\"bedrock:GetModelCustomizationJob\",\"bedrock:GetFoundationModelAvailability\",\"bedrock:GetFoundationModel\",\"bedrock:GetCustomModel\",\"bedrock:GetAgentVersion\",\"bedrock:GetAgentAlias\",\"bedrock:GetAgent\",\"bedrock:GetActionGroup\",\"bedrock:DeleteFoundationModelAgreement\",\"bedrock:DeleteCustomModel\",\"bedrock:CreateModelCustomizationJob\",\"bedrock:CreateFoundationModelAgreement\",\"bedrock:CreateAgentDraftSnapshot\",\"bedrock:CreateAgentAlias\",\"bedrock:CreateAgent\",\"bedrock:CreateActionGroup\"],\"Resource\":\"*\",\"Condition\":{\"StringEquals\":{\"aws:RequestedRegion\":[\"eu-central-1\",\"eu-west-1\",\"eu-west-2\",\"eu-west-3\"]}}},{\"Sid\":\"KMS\",\"Effect\":\"Allow\",\"Action\":[\"kms:ReEncrypt*\",\"kms:GenerateDataKey*\",\"kms:Encrypt\",\"kms:DescribeKey\",\"kms:Decrypt\"],\"Resource\":[\"arn:aws:kms:eu-west-2:123456789012:key/12345678-1234-1234-1234-123456789012\",\"arn:aws:kms:eu-west-2:123456789012:key/12345678-1234-1234-1234-123456789011\"]},{\"Sid\":\"S3Deny\",\"Effect\":\"Deny\",\"Action\":[\"s3:RestoreObject\",\"s3:PutObjectAcl\",\"s3:PutObject\",\"s3:GetObjectVersion\",\"s3:GetObjectAcl\",\"s3:GetObject\",\"s3:DeleteObjectVersion\",\"s3:DeleteObject\"],\"Resource\":[\"arn:aws:s3:::this-isnt-a-real-bucket-deny-2/*\",\"arn:aws:s3:::this-isnt-a-real-bucket-deny-1/*\"]}]}",
            "override_json": null,
            "override_policy_documents": null,
            "policy_id": null,
            "source_json": null,
            "source_policy_documents": null,
            "statement": [
              {
                "actions": [
                  "bedrock:CreateActionGroup",
                  "bedrock:CreateAgent",
                  "bedrock:CreateAgentAlias",
                  "bedrock:CreateAgentDraftSnapshot",
                  "bedrock:CreateFoundationModelAgreement",
                  "bedrock:CreateModelCustomizationJob",
                  "bedrock:DeleteCustomModel",
                  "bedrock:DeleteFoundationModelAgreement",
                  "bedrock:GetActionGroup",
                  "bedrock:GetAgent",
                  "bedrock:GetAgentAlias",
                  "bedrock:GetAgentVersion",
                  "bedrock:GetCustomModel",
                  "bedrock:GetFoundationModel",
                  "bedrock:GetFoundationModelAvailability",
                  "bedrock:GetModelCustomizationJob",
                  "bedrock:GetModelInvocationLoggingConfiguration",
                  "bedrock:GetUseCaseForModelAccess",
                  "bedrock:InvokeAgent",
                  "bedrock:InvokeModel",
                  "bedrock:InvokeModelWithResponseStream",
                  "bedrock:ListActionGroups",
                  "bedrock:ListAgentAliases",
                  "bedrock:ListAgentVersions",
                  "bedrock:ListAgents",
                  "bedrock:ListCustomModels",
                  "bedrock:ListFoundationModelAgreementOffers",
                  "bedrock:ListFoundationModels",
                  "bedrock:ListModelCustomizationJobs",
                  "bedrock:ListProvisionedModelThroughputs",
                  "bedrock:ListTagsForResource",
                  "bedrock:PutFoundationModelEntitlement",
                  "bedrock:PutModelInvocationLoggingConfiguration",
                  "bedrock:StopModelCustomizationJob",
                  "bedrock:TagResource",
                  "bedrock:UntagResource",
                  "bedrock:UpdateActionGroup",
                  "bedrock:UpdateAgent",
                  "bedrock:UpdateAgentAlias"
                ],
                "condition": [
                  {
                    "test": "StringEquals",
                    "values": [
                      "eu-central-1",
                      "eu-west-1",
                      "eu-west-2",
                      "eu-west-3"
                    ],
                    "variable": "aws:RequestedRegion"
                  }
                ],
                "effect": "Allow",
                "not_actions": [],
                "not_principals": [],
                "not_resources": [],
                "principals": [],
                "resources": [
                  "*"
                ],
                "sid": "Bedrock"
              },
              {
                "actions": [
                  "kms:Decrypt",
                  "kms:DescribeKey",
                  "kms:Encrypt",
                  "kms:GenerateDataKey*",
                  "kms:ReEncrypt*"
                ],
                "condition": [],
                "effect": "Allow",
                "not_actions": [],
                "not_principals": [],
                "not_resources": [],
                "principals": [],
                "resources": [
                  "arn:aws:kms:eu-west-2:123456789012:key/12345678-1234-1234-1234-123456789011",
                  "arn:aws:kms:eu-west-2:123456789012:key/12345678-1234-1234-1234-123456789012"
                ],
                "sid": "KMS"
              },
              {
                "actions": [
                  "s3:DeleteObject",
                  "s3:DeleteObjectVersion",
                  "s3:GetObject",
                  "s3:GetObjectAcl",
                  "s3:GetObjectVersion",
                  "s3:PutObject",
                  "s3:PutObjectAcl",
                  "s3:RestoreObject"
                ],
                "condition": [],
                "effect": "Deny",
                "not_actions": [],
                "not_principals": [],
                "not_resources": [],
                "principals": [],
                "resources": [
                  "arn:aws:s3:::this-isnt-a-real-bucket-deny-1/*",
                  "arn:aws:s3:::this-isnt-a-real-bucket-deny-2/*"
                ],
                "sid": "S3Deny"
              }
            ],
            "version": "2012-10-17"
          },
          "sensitive_attributes": []
        }
      ]
    },
    {
      "module": "module.iam[\"development/analytical-platform/simple-dag-one\"].module.policy[0]",
      "mode": "managed",
      "type": "aws_iam_policy",
      "name": "policy",
      "provider": "provider[\"registry.terraform.io/hashicorp/aws\"]",
      "instances": [
        {
          "index_key": 0,
          "schema_version": 0,
          "attributes": {
            "arn": "arn:aws:iam::593291632749:policy/airflow/development/analytical-platform/simple-dag-one",
            "attachment_count": 1,
            "description": "IAM Policy",
            "id": "arn:aws:iam::593291632749:policy/airflow/development/analytical-platform/simple-dag-one",
            "name": "simple-dag-one",
            "name_prefix": "",
            "path": "/airflow/development/analytical-platform/",
            "policy": "{\"Statement\":[{\"Action\":[\"bedrock:UpdateAgentAlias\",\"bedrock:UpdateAgent\",\"bedrock:UpdateActionGroup\",\"bedrock:UntagResource\",\"bedrock:TagResource\",\"bedrock:StopModelCustomizationJob\",\"bedrock:PutModelInvocationLoggingConfiguration\",\"bedrock:PutFoundationModelEntitlement\",\"bedrock:ListTagsForResource\",\"bedrock:ListProvisionedModelThroughputs\",\"bedrock:ListModelCustomizationJobs\",\"bedrock:ListFoundationModels\",\"bedrock:ListFoundationModelAgreementOffers\",\"bedrock:ListCustomModels\",\"bedrock:ListAgents\",\"bedrock:ListAgentVersions\",\"bedrock:ListAgentAliases\",\"bedrock:ListActionGroups\",\"bedrock:InvokeModelWithResponseStream\",\"bedrock:InvokeModel\",\"bedrock:InvokeAgent\",\"bedrock:GetUseCaseForModelAccess\",\"bedrock:GetModelInvocationLoggingConfiguration\",\"bedrock:GetModelCustomizationJob\",\"bedrock:GetFoundationModelAvailability\",\"bedrock:GetFoundationModel\",\"bedrock:GetCustomModel\",\"bedrock:GetAgentVersion\",\"bedrock:GetAgentAlias\",\"bedrock:GetAgent\",\"bedrock:GetActionGroup\",\"bedrock:DeleteFoundationModelAgreement\",\"bedrock:DeleteCustomModel\",\"bedrock:CreateModelCustomizationJob\",\"bedrock:CreateFoundationModelAgreement\",\"bedrock:CreateAgentDraftSnapshot\",\"bedrock:CreateAgentAlias\",\"bedrock:CreateAgent\",\"bedrock:CreateActionGroup\"],\"Condition\":{\"StringEquals\":{\"aws:RequestedRegion\":[\"eu-central-1\",\"eu-west-1\",\"eu-west-2\",\"eu-west-3\"]}},\"Effect\":\"Allow\",\"Resource\":\"*\",\"Sid\":\"Bedrock\"},{\"Action\":[\"kms:ReEncrypt*\",\"kms:GenerateDataKey*\",\"kms:Encrypt\",\"kms:DescribeKey\",\"kms:Decrypt\"],\"Effect\":\"Allow\",\"Resource\":[\"arn:aws:kms:eu-west-2:123456789012:key/12345678-1234-1234-1234-123456789012\",\"arn:aws:kms:eu-west-2:123456789012:key/12345678-1234-1234-1234-123456789011\"],\"Sid\":\"KMS\"},{\"Action\":[\"s3:RestoreObject\",\"s3:PutObjectAcl\",\"s3:PutObject\",\"s3:GetObjectVersion\",\"s3:GetObjectAcl\",\"s3:GetObject\",\"s3:DeleteObjectVersion\",\"s3:DeleteObject\"],\"Effect\":\"Deny\",\"Resource\":[\"arn:aws:s3:::this-isnt-a-real-bucket-deny-2/*\",\"arn:aws:s3:::this-isnt-a-real-bucket-deny-1/*\"],\"Sid\":\"S3Deny\"}],\"Version\":\"2012-10-17\"}",
            "policy_id": "ANPAYUIXP4BWWYLA2BGXU",
            "tags": {},
            "tags_all": {
              "application": "Analytical Platform",
              "business-unit": "HQ",
              "component": "Airflow",
              "environment": "production",
              "infrastructure-support": "analytical-platform:analytical-platform@justice.gov.uk",
              "is-production": "true",
              "owner": "analytical-platform:analytical-platform@justice.gov.uk",
              "source-code": "https://github.com/ministryofjustice/analytical-platform-airflow"
            }
          },
          "sensitive_attributes": [],
          "private": "bnVsbA==",
          "dependencies": [
            "module.iam.data.aws_iam_policy_document.policy"
          ]
        }
      ]
    },
    {
      "module": "module.iam[\"development/analytical-platform/simple-dag-one\"].module.role[0]",
      "mode": "data",
      "type": "aws_caller_identity",
      "name": "current",
      "provider": "provider[\"registry.terraform.io/hashicorp/aws\"]",
      "instances": [
        {
          "schema_version": 0,
          "attributes": {
            "account_id": "593291632749",
            "arn": "arn:aws:sts::593291632749:assumed-role/GlobalGitHubActionAdmin/aws-go-sdk-1731361617229145212",
            "id": "593291632749",
            "user_id": "AROAYUIXP4BWU2I6XTBQV:aws-go-sdk-1731361617229145212"
          },
          "sensitive_attributes": []
        }
      ]
    },
    {
      "module": "module.iam[\"development/analytical-platform/simple-dag-one\"].module.role[0]",
      "mode": "data",
      "type": "aws_iam_policy_document",
      "name": "assume_role",
      "provider": "provider[\"registry.terraform.io/hashicorp/aws\"]",
      "instances": [
        {
          "index_key": 0,
          "schema_version": 0,
          "attributes": {
            "id": "3095392050",
            "json": "{\n  \"Version\": \"2012-10-17\",\n  \"Statement\": [\n    {\n      \"Effect\": \"Allow\",\n      \"Action\": [\n        \"sts:TagSession\",\n        \"sts:AssumeRole\"\n      ],\n      \"Principal\": {\n        \"AWS\": [],\n        \"Service\": \"ec2.amazonaws.com\"\n      }\n    }\n  ]\n}",
            "minified_json": "{\"Version\":\"2012-10-17\",\"Statement\":[{\"Effect\":\"Allow\",\"Action\":[\"sts:TagSession\",\"sts:AssumeRole\"],\"Principal\":{\"AWS\":[],\"Service\":\"ec2.amazonaws.com\"}}]}",
            "override_json": null,
            "override_policy_documents": null,
            "policy_id": null,
            "source_json": null,
            "source_policy_documents": null,
            "statement": [
              {
                "actions": [
                  "sts:AssumeRole",
                  "sts:TagSession"
                ],
                "condition": [],
                "effect": "Allow",
                "not_actions": [],
                "not_principals": [],
                "not_resources": [],
                "principals": [
                  {
                    "identifiers": [
                      "ec2.amazonaws.com"
                    ],
                    "type": "Service"
                  },
                  {
                    "identifiers": [],
                    "type": "AWS"
                  }
                ],
                "resources": [],
                "sid": ""
              }
            ],
            "version": "2012-10-17"
          },
          "sensitive_attributes": []
        }
      ]
    },
    {
      "module": "module.iam[\"development/analytical-platform/simple-dag-one\"].module.role[0]",
      "mode": "data",
      "type": "aws_partition",
      "name": "current",
      "provider": "provider[\"registry.terraform.io/hashicorp/aws\"]",
      "instances": [
        {
          "schema_version": 0,
          "attributes": {
            "dns_suffix": "amazonaws.com",
            "id": "aws",
            "partition": "aws",
            "reverse_dns_prefix": "com.amazonaws"
          },
          "sensitive_attributes": []
        }
      ]
    },
    {
      "module": "module.iam[\"development/analytical-platform/simple-dag-one\"].module.role[0]",
      "mode": "managed",
      "type": "aws_iam_role",
      "name": "this",
      "provider": "provider[\"registry.terraform.io/hashicorp/aws\"]",
      "instances": [
        {
          "index_key": 0,
          "schema_version": 0,
          "attributes": {
            "arn": "arn:aws:iam::593291632749:role/airflow/development/analytical-platform/simple-dag-one",
            "assume_role_policy": "{\"Statement\":[{\"Action\":[\"sts:TagSession\",\"sts:AssumeRole\"],\"Effect\":\"Allow\",\"Principal\":{\"AWS\":[],\"Service\":\"ec2.amazonaws.com\"}}],\"Version\":\"2012-10-17\"}",
            "create_date": "2024-11-11T21:37:46Z",
            "description": "",
            "force_detach_policies": false,
            "id": "simple-dag-one",
            "inline_policy": [],
            "managed_policy_arns": [
              "arn:aws:iam::593291632749:policy/airflow/development/analytical-platform/simple-dag-one"
            ],
            "max_session_duration": 3600,
            "name": "simple-dag-one",
            "name_prefix": "",
            "path": "/airflow/development/analytical-platform/",
            "permissions_boundary": "",
            "tags": {},
            "tags_all": {
              "application": "Analytical Platform",
              "business-unit": "HQ",
              "component": "Airflow",
              "environment": "production",
              "infrastructure-support": "analytical-platform:analytical-platform@justice.gov.uk",
              "is-production": "true",
              "owner": "analytical-platform:analytical-platform@justice.gov.uk",
              "source-code": "https://github.com/ministryofjustice/analytical-platform-airflow"
            },
            "unique_id": "AROAYUIXP4BW4FACBXFQZ"
          },
          "sensitive_attributes": [],
          "private": "bnVsbA==",
          "dependencies": [
            "module.iam.module.role.data.aws_caller_identity.current",
            "module.iam.module.role.data.aws_iam_policy_document.assume_role",
            "module.iam.module.role.data.aws_iam_policy_document.assume_role_with_mfa",
            "module.iam.module.role.data.aws_partition.current"
          ]
        }
      ]
    },
    {
      "module": "module.iam[\"development/analytical-platform/simple-dag-one\"].module.role[0]",
      "mode": "managed",
      "type": "aws_iam_role_policy_attachment",
      "name": "custom",
      "provider": "provider[\"registry.terraform.io/hashicorp/aws\"]",
      "instances": [
        {
          "index_key": 0,
          "schema_version": 0,
          "attributes": {
            "id": "simple-dag-one-20241111213747440100000001",
            "policy_arn": "arn:aws:iam::593291632749:policy/airflow/development/analytical-platform/simple-dag-one",
            "role": "simple-dag-one"
          },
          "sensitive_attributes": [],
          "private": "bnVsbA==",
          "dependencies": [
            "module.iam.data.aws_iam_policy_document.policy",
            "module.iam.module.policy.aws_iam_policy.policy",
            "module.iam.module.role.aws_iam_role.this",
            "module.iam.module.role.data.aws_caller_identity.current",
            "module.iam.module.role.data.aws_iam_policy_document.assume_role",
            "module.iam.module.role.data.aws_iam_policy_document.assume_role_with_mfa",
            "module.iam.module.role.data.aws_partition.current"
          ]
        }
      ]
    }
  ],
  "check_results": null
}
